
Microsoft Visual Studio Solution File, Format Version 12.00
# Visual Studio Version 16
VisualStudioVersion = 16.0.31911.196
MinimumVisualStudioVersion = 10.0.40219.1
Project("{FAE04EC0-301F-11D3-BF4B-00C04F79EFBC}") = "WebApplication17", "WebApplication17.csproj", "{921A43EC-8AB3-45F7-AC7D-BFF418DFE175}"
EndProject
Global
	GlobalSection(SolutionConfigurationPlatforms) = preSolution
		Debug|Any CPU = Debug|Any CPU
		Release|Any CPU = Release|Any CPU
	EndGlobalSection
	GlobalSection(ProjectConfigurationPlatforms) = postSolution
		{921A43EC-8AB3-45F7-AC7D-BFF418DFE175}.Debug|Any CPU.ActiveCfg = Debug|Any CPU
		{921A43EC-8AB3-45F7-AC7D-BFF418DFE175}.Debug|Any CPU.Build.0 = Debug|Any CPU
		{921A43EC-8AB3-45F7-AC7D-BFF418DFE175}.Release|Any CPU.ActiveCfg = Release|Any CPU
		{921A43EC-8AB3-45F7-AC7D-BFF418DFE175}.Release|Any CPU.Build.0 = Release|Any CPU
	EndGlobalSection
	GlobalSection(SolutionProperties) = preSolution
		HideSolutionNode = FALSE
	EndGlobalSection
	GlobalSection(ExtensibilityGlobals) = postSolution
		SolutionGuid = {63404C36-BB97-416C-A1A4-9FA0085938CD}
	EndGlobalSection
EndGlobal
